
Microsoft Visual Studio Solution File, Format Version 12.00
# Visual Studio Version 16
VisualStudioVersion = 16.0.30803.129
MinimumVisualStudioVersion = 10.0.40219.1
Project("{9A19103F-16F7-4668-BE54-9A1E7A4F7556}") = "PP.Lib", "PP.Lib.csproj", "{EF6E754B-9436-4442-86E9-E1D0E57CCF92}"
EndProject
Project("{9A19103F-16F7-4668-BE54-9A1E7A4F7556}") = "PP.Generator", "..\PP.Generator\PP.Generator.csproj", "{8972AD86-C688-45AD-8170-0F8B31A2AD6D}"
EndProject
Project("{FAE04EC0-301F-11D3-BF4B-00C04F79EFBC}") = "PP.Client", "..\PP.Client\PP.Client.csproj", "{63C2ABA6-B991-482A-B596-F282CB17E1B8}"
EndProject
Global
	GlobalSection(SolutionConfigurationPlatforms) = preSolution
		Debug|Any CPU = Debug|Any CPU
		Release|Any CPU = Release|Any CPU
	EndGlobalSection
	GlobalSection(ProjectConfigurationPlatforms) = postSolution
		{EF6E754B-9436-4442-86E9-E1D0E57CCF92}.Debug|Any CPU.ActiveCfg = Debug|Any CPU
		{EF6E754B-9436-4442-86E9-E1D0E57CCF92}.Debug|Any CPU.Build.0 = Debug|Any CPU
		{EF6E754B-9436-4442-86E9-E1D0E57CCF92}.Release|Any CPU.ActiveCfg = Release|Any CPU
		{EF6E754B-9436-4442-86E9-E1D0E57CCF92}.Release|Any CPU.Build.0 = Release|Any CPU
		{8972AD86-C688-45AD-8170-0F8B31A2AD6D}.Debug|Any CPU.ActiveCfg = Debug|Any CPU
		{8972AD86-C688-45AD-8170-0F8B31A2AD6D}.Debug|Any CPU.Build.0 = Debug|Any CPU
		{8972AD86-C688-45AD-8170-0F8B31A2AD6D}.Release|Any CPU.ActiveCfg = Release|Any CPU
		{8972AD86-C688-45AD-8170-0F8B31A2AD6D}.Release|Any CPU.Build.0 = Release|Any CPU
		{63C2ABA6-B991-482A-B596-F282CB17E1B8}.Debug|Any CPU.ActiveCfg = Debug|Any CPU
		{63C2ABA6-B991-482A-B596-F282CB17E1B8}.Debug|Any CPU.Build.0 = Debug|Any CPU
		{63C2ABA6-B991-482A-B596-F282CB17E1B8}.Release|Any CPU.ActiveCfg = Release|Any CPU
		{63C2ABA6-B991-482A-B596-F282CB17E1B8}.Release|Any CPU.Build.0 = Release|Any CPU
	EndGlobalSection
	GlobalSection(SolutionProperties) = preSolution
		HideSolutionNode = FALSE
	EndGlobalSection
	GlobalSection(ExtensibilityGlobals) = postSolution
		SolutionGuid = {3D9D1964-809D-4323-8688-113E42D5BC5A}
	EndGlobalSection
EndGlobal
